
Microsoft Visual Studio Solution File, Format Version 12.00
# Visual Studio Version 17
VisualStudioVersion = 17.7.34024.191
MinimumVisualStudioVersion = 10.0.40219.1
Project("{FAE04EC0-301F-11D3-BF4B-00C04F79EFBC}") = "ContactWeb", "ContactWeb\ContactWeb.csproj", "{4DBF5C17-0165-456D-A679-487A4E8E8C49}"
EndProject
Global
	GlobalSection(SolutionConfigurationPlatforms) = preSolution
		Debug|Any CPU = Debug|Any CPU
		Release|Any CPU = Release|Any CPU
	EndGlobalSection
	GlobalSection(ProjectConfigurationPlatforms) = postSolution
		{4DBF5C17-0165-456D-A679-487A4E8E8C49}.Debug|Any CPU.ActiveCfg = Debug|Any CPU
		{4DBF5C17-0165-456D-A679-487A4E8E8C49}.Debug|Any CPU.Build.0 = Debug|Any CPU
		{4DBF5C17-0165-456D-A679-487A4E8E8C49}.Release|Any CPU.ActiveCfg = Release|Any CPU
		{4DBF5C17-0165-456D-A679-487A4E8E8C49}.Release|Any CPU.Build.0 = Release|Any CPU
	EndGlobalSection
	GlobalSection(SolutionProperties) = preSolution
		HideSolutionNode = FALSE
	EndGlobalSection
	GlobalSection(ExtensibilityGlobals) = postSolution
		SolutionGuid = {C2525252-FDF6-44FF-B894-C2B54C158499}
	EndGlobalSection
EndGlobal
